
Microsoft Visual Studio Solution File, Format Version 12.00
Project("{FAE04EC0-301F-11D3-BF4B-00C04F79EFBC}") = "first-function", "FirstFunction\first-function.csproj", "{DC2B2C21-C281-40E3-BD0D-73C5A4356FE0}"
EndProject
Project("{FAE04EC0-301F-11D3-BF4B-00C04F79EFBC}") = "Tests", "Tests\Tests.csproj", "{DD21D748-7A1C-431D-BAB5-8AA6BDE80D7C}"
EndProject
Project("{2150E333-8FDC-42A3-9474-1A3956D46DE8}") = "src", "src", "{320B9200-82E9-433A-BFB9-116D35CDA9A5}"
EndProject
Project("{2150E333-8FDC-42A3-9474-1A3956D46DE8}") = "tests", "tests", "{E17600AB-544D-46CF-8AFB-7E0A4BACD334}"
EndProject
Global
	GlobalSection(SolutionConfigurationPlatforms) = preSolution
		Debug|Any CPU = Debug|Any CPU
		Release|Any CPU = Release|Any CPU
	EndGlobalSection
	GlobalSection(ProjectConfigurationPlatforms) = postSolution
		{DC2B2C21-C281-40E3-BD0D-73C5A4356FE0}.Debug|Any CPU.ActiveCfg = Debug|Any CPU
		{DC2B2C21-C281-40E3-BD0D-73C5A4356FE0}.Debug|Any CPU.Build.0 = Debug|Any CPU
		{DC2B2C21-C281-40E3-BD0D-73C5A4356FE0}.Release|Any CPU.ActiveCfg = Release|Any CPU
		{DC2B2C21-C281-40E3-BD0D-73C5A4356FE0}.Release|Any CPU.Build.0 = Release|Any CPU
		{DD21D748-7A1C-431D-BAB5-8AA6BDE80D7C}.Debug|Any CPU.ActiveCfg = Debug|Any CPU
		{DD21D748-7A1C-431D-BAB5-8AA6BDE80D7C}.Debug|Any CPU.Build.0 = Debug|Any CPU
		{DD21D748-7A1C-431D-BAB5-8AA6BDE80D7C}.Release|Any CPU.ActiveCfg = Release|Any CPU
		{DD21D748-7A1C-431D-BAB5-8AA6BDE80D7C}.Release|Any CPU.Build.0 = Release|Any CPU
	EndGlobalSection
	GlobalSection(NestedProjects) = preSolution
		{DC2B2C21-C281-40E3-BD0D-73C5A4356FE0} = {320B9200-82E9-433A-BFB9-116D35CDA9A5}
		{DD21D748-7A1C-431D-BAB5-8AA6BDE80D7C} = {E17600AB-544D-46CF-8AFB-7E0A4BACD334}
	EndGlobalSection
EndGlobal
